
Microsoft Visual Studio Solution File, Format Version 12.00
# Visual Studio Version 16
VisualStudioVersion = 16.0.32602.291
MinimumVisualStudioVersion = 10.0.40219.1
Project("{2150E333-8FDC-42A3-9474-1A3956D46DE8}") = "ApiGateways", "ApiGateways", "{9B096052-ECD0-46A0-B502-BEBEEDDBDC40}"
EndProject
Project("{2150E333-8FDC-42A3-9474-1A3956D46DE8}") = "BuildingBlocks", "BuildingBlocks", "{55E51D7D-D3CA-4811-A3C6-8BA9CBB85BBD}"
EndProject
Project("{2150E333-8FDC-42A3-9474-1A3956D46DE8}") = "Services", "Services", "{FB0F583B-1DC1-478B-8B04-F0D71FAAD317}"
EndProject
Project("{2150E333-8FDC-42A3-9474-1A3956D46DE8}") = "User", "User", "{B62C62C2-12D5-4E5C-90A0-455E4F4DE733}"
EndProject
Project("{9A19103F-16F7-4668-BE54-9A1E7A4F7556}") = "User.API", "Services\User\User.API\User.API.csproj", "{EB893988-47E3-494F-9DA1-75D72863CA46}"
EndProject
Project("{2150E333-8FDC-42A3-9474-1A3956D46DE8}") = "Tweet", "Tweet", "{46AB4EF7-AEC3-4062-B839-ABD8319F60B3}"
EndProject
Project("{9A19103F-16F7-4668-BE54-9A1E7A4F7556}") = "Tweet.API", "Services\Tweet\Tweet.API\Tweet.API.csproj", "{2C1353A3-6171-4F78-921F-6D8E29F64739}"
EndProject
Project("{E53339B2-1760-4266-BCC7-CA923CBCF16C}") = "docker-compose", "docker-compose.dcproj", "{36540E02-C546-4F12-9E01-F5486C420C89}"
EndProject
Project("{2150E333-8FDC-42A3-9474-1A3956D46DE8}") = "Logging", "Logging", "{7E3491AC-0311-45D7-B4ED-B70A54A33D46}"
EndProject
Project("{9A19103F-16F7-4668-BE54-9A1E7A4F7556}") = "Common.Logging", "BuildingBlocks\Logging\Common.Logging\Common.Logging.csproj", "{2A24DA4C-2AC8-4F64-9FEE-AF956411590D}"
EndProject
Project("{9A19103F-16F7-4668-BE54-9A1E7A4F7556}") = "OcelotApiGateway", "ApiGateways\OcelotApiGateway\OcelotApiGateway.csproj", "{E7D7C8CE-3F7C-4040-957E-0976F6E71A89}"
EndProject
Project("{2150E333-8FDC-42A3-9474-1A3956D46DE8}") = "TestProject", "TestProject", "{C4A0A45B-CE22-4323-A756-41817FC07F52}"
EndProject
Project("{9A19103F-16F7-4668-BE54-9A1E7A4F7556}") = "UserServiceTest", "TestProject\UserServiceTest\UserServiceTest.csproj", "{C7625783-F2A4-4D8A-9A7A-FF9557D1AA41}"
EndProject
Project("{9A19103F-16F7-4668-BE54-9A1E7A4F7556}") = "TweetServiceTest", "TestProject\TweetServiceTest\TweetServiceTest.csproj", "{9114B8BB-E4C4-46C0-9611-B41EF27A7332}"
EndProject
Project("{2150E333-8FDC-42A3-9474-1A3956D46DE8}") = "PrometheusConfig", "PrometheusConfig", "{6AA665B8-78D8-41AC-9752-7B18D5C01AFC}"
EndProject
Global
	GlobalSection(SolutionConfigurationPlatforms) = preSolution
		Debug|Any CPU = Debug|Any CPU
		Release|Any CPU = Release|Any CPU
	EndGlobalSection
	GlobalSection(ProjectConfigurationPlatforms) = postSolution
		{EB893988-47E3-494F-9DA1-75D72863CA46}.Debug|Any CPU.ActiveCfg = Debug|Any CPU
		{EB893988-47E3-494F-9DA1-75D72863CA46}.Debug|Any CPU.Build.0 = Debug|Any CPU
		{EB893988-47E3-494F-9DA1-75D72863CA46}.Release|Any CPU.ActiveCfg = Release|Any CPU
		{EB893988-47E3-494F-9DA1-75D72863CA46}.Release|Any CPU.Build.0 = Release|Any CPU
		{2C1353A3-6171-4F78-921F-6D8E29F64739}.Debug|Any CPU.ActiveCfg = Debug|Any CPU
		{2C1353A3-6171-4F78-921F-6D8E29F64739}.Debug|Any CPU.Build.0 = Debug|Any CPU
		{2C1353A3-6171-4F78-921F-6D8E29F64739}.Release|Any CPU.ActiveCfg = Release|Any CPU
		{2C1353A3-6171-4F78-921F-6D8E29F64739}.Release|Any CPU.Build.0 = Release|Any CPU
		{36540E02-C546-4F12-9E01-F5486C420C89}.Debug|Any CPU.ActiveCfg = Debug|Any CPU
		{36540E02-C546-4F12-9E01-F5486C420C89}.Debug|Any CPU.Build.0 = Debug|Any CPU
		{36540E02-C546-4F12-9E01-F5486C420C89}.Release|Any CPU.ActiveCfg = Release|Any CPU
		{36540E02-C546-4F12-9E01-F5486C420C89}.Release|Any CPU.Build.0 = Release|Any CPU
		{2A24DA4C-2AC8-4F64-9FEE-AF956411590D}.Debug|Any CPU.ActiveCfg = Debug|Any CPU
		{2A24DA4C-2AC8-4F64-9FEE-AF956411590D}.Debug|Any CPU.Build.0 = Debug|Any CPU
		{2A24DA4C-2AC8-4F64-9FEE-AF956411590D}.Release|Any CPU.ActiveCfg = Release|Any CPU
		{2A24DA4C-2AC8-4F64-9FEE-AF956411590D}.Release|Any CPU.Build.0 = Release|Any CPU
		{E7D7C8CE-3F7C-4040-957E-0976F6E71A89}.Debug|Any CPU.ActiveCfg = Debug|Any CPU
		{E7D7C8CE-3F7C-4040-957E-0976F6E71A89}.Debug|Any CPU.Build.0 = Debug|Any CPU
		{E7D7C8CE-3F7C-4040-957E-0976F6E71A89}.Release|Any CPU.ActiveCfg = Release|Any CPU
		{E7D7C8CE-3F7C-4040-957E-0976F6E71A89}.Release|Any CPU.Build.0 = Release|Any CPU
		{C7625783-F2A4-4D8A-9A7A-FF9557D1AA41}.Debug|Any CPU.ActiveCfg = Debug|Any CPU
		{C7625783-F2A4-4D8A-9A7A-FF9557D1AA41}.Debug|Any CPU.Build.0 = Debug|Any CPU
		{C7625783-F2A4-4D8A-9A7A-FF9557D1AA41}.Release|Any CPU.ActiveCfg = Release|Any CPU
		{C7625783-F2A4-4D8A-9A7A-FF9557D1AA41}.Release|Any CPU.Build.0 = Release|Any CPU
		{9114B8BB-E4C4-46C0-9611-B41EF27A7332}.Debug|Any CPU.ActiveCfg = Debug|Any CPU
		{9114B8BB-E4C4-46C0-9611-B41EF27A7332}.Debug|Any CPU.Build.0 = Debug|Any CPU
		{9114B8BB-E4C4-46C0-9611-B41EF27A7332}.Release|Any CPU.ActiveCfg = Release|Any CPU
		{9114B8BB-E4C4-46C0-9611-B41EF27A7332}.Release|Any CPU.Build.0 = Release|Any CPU
	EndGlobalSection
	GlobalSection(SolutionProperties) = preSolution
		HideSolutionNode = FALSE
	EndGlobalSection
	GlobalSection(NestedProjects) = preSolution
		{B62C62C2-12D5-4E5C-90A0-455E4F4DE733} = {FB0F583B-1DC1-478B-8B04-F0D71FAAD317}
		{EB893988-47E3-494F-9DA1-75D72863CA46} = {B62C62C2-12D5-4E5C-90A0-455E4F4DE733}
		{46AB4EF7-AEC3-4062-B839-ABD8319F60B3} = {FB0F583B-1DC1-478B-8B04-F0D71FAAD317}
		{2C1353A3-6171-4F78-921F-6D8E29F64739} = {46AB4EF7-AEC3-4062-B839-ABD8319F60B3}
		{7E3491AC-0311-45D7-B4ED-B70A54A33D46} = {55E51D7D-D3CA-4811-A3C6-8BA9CBB85BBD}
		{2A24DA4C-2AC8-4F64-9FEE-AF956411590D} = {7E3491AC-0311-45D7-B4ED-B70A54A33D46}
		{E7D7C8CE-3F7C-4040-957E-0976F6E71A89} = {9B096052-ECD0-46A0-B502-BEBEEDDBDC40}
		{C7625783-F2A4-4D8A-9A7A-FF9557D1AA41} = {C4A0A45B-CE22-4323-A756-41817FC07F52}
		{9114B8BB-E4C4-46C0-9611-B41EF27A7332} = {C4A0A45B-CE22-4323-A756-41817FC07F52}
	EndGlobalSection
	GlobalSection(ExtensibilityGlobals) = postSolution
		SolutionGuid = {DA94CE40-9B1C-4676-A8F6-5334C510790A}
	EndGlobalSection
EndGlobal
